
Microsoft Visual Studio Solution File, Format Version 12.00
# Visual Studio Version 17
VisualStudioVersion = 17.9.34622.214
MinimumVisualStudioVersion = 10.0.40219.1
Project("{9A19103F-16F7-4668-BE54-9A1E7A4F7556}") = "TwistagTest.App", "src\TwistagTest.App\TwistagTest.App.csproj", "{86A12E72-6732-41A8-84B1-0B044DE8DFE8}"
EndProject
Project("{FAE04EC0-301F-11D3-BF4B-00C04F79EFBC}") = "TwistagTest.Data", "src\TwistagTest.Data\TwistagTest.Data.csproj", "{082F8270-60A2-41B3-877D-DDAAE8B055CC}"
EndProject
Project("{FAE04EC0-301F-11D3-BF4B-00C04F79EFBC}") = "TwistagTest.Business", "src\TwistagTest.Business\TwistagTest.Business.csproj", "{C6FD7732-0FA9-4043-AE7A-801A4BFB1AD5}"
EndProject
Project("{FAE04EC0-301F-11D3-BF4B-00C04F79EFBC}") = "TwistagTest.Api", "src\TwistagTest.Api\TwistagTest.Api.csproj", "{04344816-F48F-4140-8755-AF4905831350}"
EndProject
Project("{9A19103F-16F7-4668-BE54-9A1E7A4F7556}") = "TwistagTest.Shared", "src\TwistagTest.Shared\TwistagTest.Shared.csproj", "{344483AD-68C6-4FB0-ABE3-D66AFA2DC4D2}"
EndProject
Project("{FAE04EC0-301F-11D3-BF4B-00C04F79EFBC}") = "TwistagTest.Blazor", "src\TwistagTest.Blazor\TwistagTest.Blazor\TwistagTest.Blazor.csproj", "{3D8A6CF7-0717-4F33-BAF2-C32E6F18207F}"
EndProject
Project("{FAE04EC0-301F-11D3-BF4B-00C04F79EFBC}") = "TwistagTest.Blazor.Client", "src\TwistagTest.Blazor\TwistagTest.Blazor.Client\TwistagTest.Blazor.Client.csproj", "{6ED0EFA6-1583-4900-8F30-B2ABF25A7715}"
EndProject
Global
	GlobalSection(SolutionConfigurationPlatforms) = preSolution
		Debug|Any CPU = Debug|Any CPU
		Release|Any CPU = Release|Any CPU
	EndGlobalSection
	GlobalSection(ProjectConfigurationPlatforms) = postSolution
		{86A12E72-6732-41A8-84B1-0B044DE8DFE8}.Debug|Any CPU.ActiveCfg = Debug|Any CPU
		{86A12E72-6732-41A8-84B1-0B044DE8DFE8}.Debug|Any CPU.Build.0 = Debug|Any CPU
		{86A12E72-6732-41A8-84B1-0B044DE8DFE8}.Release|Any CPU.ActiveCfg = Release|Any CPU
		{86A12E72-6732-41A8-84B1-0B044DE8DFE8}.Release|Any CPU.Build.0 = Release|Any CPU
		{082F8270-60A2-41B3-877D-DDAAE8B055CC}.Debug|Any CPU.ActiveCfg = Debug|Any CPU
		{082F8270-60A2-41B3-877D-DDAAE8B055CC}.Debug|Any CPU.Build.0 = Debug|Any CPU
		{082F8270-60A2-41B3-877D-DDAAE8B055CC}.Release|Any CPU.ActiveCfg = Release|Any CPU
		{082F8270-60A2-41B3-877D-DDAAE8B055CC}.Release|Any CPU.Build.0 = Release|Any CPU
		{C6FD7732-0FA9-4043-AE7A-801A4BFB1AD5}.Debug|Any CPU.ActiveCfg = Debug|Any CPU
		{C6FD7732-0FA9-4043-AE7A-801A4BFB1AD5}.Debug|Any CPU.Build.0 = Debug|Any CPU
		{C6FD7732-0FA9-4043-AE7A-801A4BFB1AD5}.Release|Any CPU.ActiveCfg = Release|Any CPU
		{C6FD7732-0FA9-4043-AE7A-801A4BFB1AD5}.Release|Any CPU.Build.0 = Release|Any CPU
		{04344816-F48F-4140-8755-AF4905831350}.Debug|Any CPU.ActiveCfg = Debug|Any CPU
		{04344816-F48F-4140-8755-AF4905831350}.Debug|Any CPU.Build.0 = Debug|Any CPU
		{04344816-F48F-4140-8755-AF4905831350}.Release|Any CPU.ActiveCfg = Release|Any CPU
		{04344816-F48F-4140-8755-AF4905831350}.Release|Any CPU.Build.0 = Release|Any CPU
		{344483AD-68C6-4FB0-ABE3-D66AFA2DC4D2}.Debug|Any CPU.ActiveCfg = Debug|Any CPU
		{344483AD-68C6-4FB0-ABE3-D66AFA2DC4D2}.Debug|Any CPU.Build.0 = Debug|Any CPU
		{344483AD-68C6-4FB0-ABE3-D66AFA2DC4D2}.Release|Any CPU.ActiveCfg = Release|Any CPU
		{344483AD-68C6-4FB0-ABE3-D66AFA2DC4D2}.Release|Any CPU.Build.0 = Release|Any CPU
		{3D8A6CF7-0717-4F33-BAF2-C32E6F18207F}.Debug|Any CPU.ActiveCfg = Debug|Any CPU
		{3D8A6CF7-0717-4F33-BAF2-C32E6F18207F}.Debug|Any CPU.Build.0 = Debug|Any CPU
		{3D8A6CF7-0717-4F33-BAF2-C32E6F18207F}.Release|Any CPU.ActiveCfg = Release|Any CPU
		{3D8A6CF7-0717-4F33-BAF2-C32E6F18207F}.Release|Any CPU.Build.0 = Release|Any CPU
		{6ED0EFA6-1583-4900-8F30-B2ABF25A7715}.Debug|Any CPU.ActiveCfg = Debug|Any CPU
		{6ED0EFA6-1583-4900-8F30-B2ABF25A7715}.Debug|Any CPU.Build.0 = Debug|Any CPU
		{6ED0EFA6-1583-4900-8F30-B2ABF25A7715}.Release|Any CPU.ActiveCfg = Release|Any CPU
		{6ED0EFA6-1583-4900-8F30-B2ABF25A7715}.Release|Any CPU.Build.0 = Release|Any CPU
	EndGlobalSection
	GlobalSection(SolutionProperties) = preSolution
		HideSolutionNode = FALSE
	EndGlobalSection
	GlobalSection(ExtensibilityGlobals) = postSolution
		SolutionGuid = {82FF2781-A9FC-4AC9-A9F7-B1F4232AF8E1}
	EndGlobalSection
EndGlobal
